<?xml version="1.0" encoding="UTF-8" standalone="yes" ?>
<CodeBlocks_project_file>
	<FileVersion major="1" minor="6" />
	<Project>
		<Option title="gKit2light" />
		<Option makefile_is_custom="1" />
		<Option pch_mode="2" />
		<Option compiler="gcc" />
		<MakeCommands>
			<Build command="$make -f $makefile" />
			<CompileFile command="$make -f $makefile" />
			<Clean command="$make -f $makefile clean" />
			<DistClean command="$make -f $makefile clean" />
			<AskRebuildNeeded command="$make -q -f $makefile $target" />
			<SilentBuild command="$make -f $makefile $target &gt; $(CMD_NULL)" />
		</MakeCommands>
		<Build>
			<Target title="Debug">
				<Option output="bin/gKit2light" prefix_auto="1" extension_auto="1" />
				<Option object_output="obj/Debug/" />
				<Option type="1" />
				<Option compiler="gcc" />
				<Compiler>
					<Add option="-g" />
				</Compiler>
				<Linker>
					<Add option="-lncurses -lSDL" />
				</Linker>
				<MakeCommands>
					<Build command="$make -f $makefile" />
					<CompileFile command="$make -f $makefile" />
					<Clean command="$make -f $makefile clean" />
					<DistClean command="$make -f $makefile clean" />
					<AskRebuildNeeded command="$make -q -f $makefile $target" />
					<SilentBuild command="$make -f $makefile $target &gt; $(CMD_NULL)" />
				</MakeCommands>
			</Target>
		</Build>
		<Compiler>
			<Add option="-Wall" />
		</Compiler>
		<Unit filename="Makefile" />
		<Unit filename="src/gKit/buffer.cpp" />
		<Unit filename="src/gKit/buffer.h" />
		<Unit filename="src/gKit/image.cpp" />
		<Unit filename="src/gKit/image.h" />
		<Unit filename="src/gKit/mat.cpp" />
		<Unit filename="src/gKit/mat.h" />
		<Unit filename="src/gKit/mesh.cpp" />
		<Unit filename="src/gKit/mesh.h" />
		<Unit filename="src/gKit/orbiter.cpp" />
		<Unit filename="src/gKit/orbiter.h" />
		<Unit filename="src/gKit/program.cpp" />
		<Unit filename="src/gKit/program.h" />
		<Unit filename="src/gKit/texture.cpp" />
		<Unit filename="src/gKit/texture.h" />
		<Unit filename="src/gKit/vec.cpp" />
		<Unit filename="src/gKit/vec.h" />
		<Unit filename="src/gKit/wavefront.cpp" />
		<Unit filename="src/gKit/wavefront.h" />
		<Unit filename="src/gKit/window.cpp" />
		<Unit filename="src/gKit/window.h" />
		<Unit filename="src/viewer/mini_gl3core.cpp" />
		<Extensions>
			<code_completion />
			<envvars />
			<debugger />
			<lib_finder disable_auto="1" />
		</Extensions>
	</Project>
</CodeBlocks_project_file>
